
Microsoft Visual Studio Solution File, Format Version 12.00
# Visual Studio Version 17
VisualStudioVersion = 17.10.35122.118
MinimumVisualStudioVersion = 10.0.40219.1
Project("{FAE04EC0-301F-11D3-BF4B-00C04F79EFBC}") = "Words", "Words.csproj", "{54954B72-8967-4BBF-B161-D7B690232011}"
EndProject
Global
	GlobalSection(SolutionConfigurationPlatforms) = preSolution
		Debug|Any CPU = Debug|Any CPU
		Release|Any CPU = Release|Any CPU
	EndGlobalSection
	GlobalSection(ProjectConfigurationPlatforms) = postSolution
		{54954B72-8967-4BBF-B161-D7B690232011}.Debug|Any CPU.ActiveCfg = Debug|Any CPU
		{54954B72-8967-4BBF-B161-D7B690232011}.Debug|Any CPU.Build.0 = Debug|Any CPU
		{54954B72-8967-4BBF-B161-D7B690232011}.Release|Any CPU.ActiveCfg = Release|Any CPU
		{54954B72-8967-4BBF-B161-D7B690232011}.Release|Any CPU.Build.0 = Release|Any CPU
	EndGlobalSection
	GlobalSection(SolutionProperties) = preSolution
		HideSolutionNode = FALSE
	EndGlobalSection
	GlobalSection(ExtensibilityGlobals) = postSolution
		SolutionGuid = {909484EB-6C99-4CE2-B19C-F1460FFAAD21}
	EndGlobalSection
EndGlobal
